
Microsoft Visual Studio Solution File, Format Version 12.00
# Visual Studio Version 16
VisualStudioVersion = 16.0.32602.291
MinimumVisualStudioVersion = 10.0.40219.1
Project("{2150E333-8FDC-42A3-9474-1A3956D46DE8}") = "Module 1", "Module 1", "{37542D93-8AB0-48FF-A319-173390DD3971}"
EndProject
Project("{2150E333-8FDC-42A3-9474-1A3956D46DE8}") = "Chapter 2", "Chapter 2", "{B2DD4622-FEAB-46C5-82B1-C303771150A5}"
EndProject
Project("{2150E333-8FDC-42A3-9474-1A3956D46DE8}") = "Extra", "Extra", "{2A65C6BA-6438-435A-8C9A-3E1DFDE4E6AD}"
EndProject
Project("{8BC9CEB8-8B4A-11D0-8D11-00A0C91BC942}") = "BitTest", "BitTest\BitTest.vcxproj", "{A269CAFE-77CD-4140-BBFF-158FAC840C12}"
EndProject
Project("{8BC9CEB8-8B4A-11D0-8D11-00A0C91BC942}") = "Sum_and_Avg_of_Three_Numbers", "Sum_and_Avg_of_Three_Numbers\Sum_and_Avg_of_Three_Numbers.vcxproj", "{C35090FB-8310-481C-9403-F8A93533FBA6}"
EndProject
Project("{8BC9CEB8-8B4A-11D0-8D11-00A0C91BC942}") = "CubeNumber", "CubeNumber\CubeNumber.vcxproj", "{D3F326C9-71C1-4397-95B7-1C72B42E55D6}"
EndProject
Project("{8BC9CEB8-8B4A-11D0-8D11-00A0C91BC942}") = "LeapYear", "LeapYear\LeapYear.vcxproj", "{BF977137-9B42-4A2A-B9E5-293BDE459C73}"
EndProject
Project("{2150E333-8FDC-42A3-9474-1A3956D46DE8}") = "Chapter 3", "Chapter 3", "{35D564C2-75D1-4C56-BC00-49091B9A443C}"
EndProject
Project("{8BC9CEB8-8B4A-11D0-8D11-00A0C91BC942}") = "FactorsOfANumber", "FactorsOfANumber\FactorsOfANumber.vcxproj", "{7A726BDE-8ACB-4294-BCE9-F41342CB0E60}"
EndProject
Project("{2150E333-8FDC-42A3-9474-1A3956D46DE8}") = "Chapter 4", "Chapter 4", "{3B36B1A1-5086-4585-AE73-3BB0A4F2B2B9}"
EndProject
Project("{8BC9CEB8-8B4A-11D0-8D11-00A0C91BC942}") = "FindLargestNumber", "FindLargestNumber\FindLargestNumber.vcxproj", "{DCE01D96-4087-4DC7-B9BE-CEFD8CC9FCD5}"
EndProject
Project("{8BC9CEB8-8B4A-11D0-8D11-00A0C91BC942}") = "Inheritance", "Inheritance\Inheritance.vcxproj", "{79ACCDE4-4870-4EF9-9573-54B00008610D}"
EndProject
Global
	GlobalSection(SolutionConfigurationPlatforms) = preSolution
		Debug|x64 = Debug|x64
		Debug|x86 = Debug|x86
		Release|x64 = Release|x64
		Release|x86 = Release|x86
	EndGlobalSection
	GlobalSection(ProjectConfigurationPlatforms) = postSolution
		{A269CAFE-77CD-4140-BBFF-158FAC840C12}.Debug|x64.ActiveCfg = Debug|x64
		{A269CAFE-77CD-4140-BBFF-158FAC840C12}.Debug|x64.Build.0 = Debug|x64
		{A269CAFE-77CD-4140-BBFF-158FAC840C12}.Debug|x86.ActiveCfg = Debug|Win32
		{A269CAFE-77CD-4140-BBFF-158FAC840C12}.Debug|x86.Build.0 = Debug|Win32
		{A269CAFE-77CD-4140-BBFF-158FAC840C12}.Release|x64.ActiveCfg = Release|x64
		{A269CAFE-77CD-4140-BBFF-158FAC840C12}.Release|x64.Build.0 = Release|x64
		{A269CAFE-77CD-4140-BBFF-158FAC840C12}.Release|x86.ActiveCfg = Release|Win32
		{A269CAFE-77CD-4140-BBFF-158FAC840C12}.Release|x86.Build.0 = Release|Win32
		{C35090FB-8310-481C-9403-F8A93533FBA6}.Debug|x64.ActiveCfg = Debug|x64
		{C35090FB-8310-481C-9403-F8A93533FBA6}.Debug|x64.Build.0 = Debug|x64
		{C35090FB-8310-481C-9403-F8A93533FBA6}.Debug|x86.ActiveCfg = Debug|Win32
		{C35090FB-8310-481C-9403-F8A93533FBA6}.Debug|x86.Build.0 = Debug|Win32
		{C35090FB-8310-481C-9403-F8A93533FBA6}.Release|x64.ActiveCfg = Release|x64
		{C35090FB-8310-481C-9403-F8A93533FBA6}.Release|x64.Build.0 = Release|x64
		{C35090FB-8310-481C-9403-F8A93533FBA6}.Release|x86.ActiveCfg = Release|Win32
		{C35090FB-8310-481C-9403-F8A93533FBA6}.Release|x86.Build.0 = Release|Win32
		{D3F326C9-71C1-4397-95B7-1C72B42E55D6}.Debug|x64.ActiveCfg = Debug|x64
		{D3F326C9-71C1-4397-95B7-1C72B42E55D6}.Debug|x64.Build.0 = Debug|x64
		{D3F326C9-71C1-4397-95B7-1C72B42E55D6}.Debug|x86.ActiveCfg = Debug|Win32
		{D3F326C9-71C1-4397-95B7-1C72B42E55D6}.Debug|x86.Build.0 = Debug|Win32
		{D3F326C9-71C1-4397-95B7-1C72B42E55D6}.Release|x64.ActiveCfg = Release|x64
		{D3F326C9-71C1-4397-95B7-1C72B42E55D6}.Release|x64.Build.0 = Release|x64
		{D3F326C9-71C1-4397-95B7-1C72B42E55D6}.Release|x86.ActiveCfg = Release|Win32
		{D3F326C9-71C1-4397-95B7-1C72B42E55D6}.Release|x86.Build.0 = Release|Win32
		{BF977137-9B42-4A2A-B9E5-293BDE459C73}.Debug|x64.ActiveCfg = Debug|x64
		{BF977137-9B42-4A2A-B9E5-293BDE459C73}.Debug|x64.Build.0 = Debug|x64
		{BF977137-9B42-4A2A-B9E5-293BDE459C73}.Debug|x86.ActiveCfg = Debug|Win32
		{BF977137-9B42-4A2A-B9E5-293BDE459C73}.Debug|x86.Build.0 = Debug|Win32
		{BF977137-9B42-4A2A-B9E5-293BDE459C73}.Release|x64.ActiveCfg = Release|x64
		{BF977137-9B42-4A2A-B9E5-293BDE459C73}.Release|x64.Build.0 = Release|x64
		{BF977137-9B42-4A2A-B9E5-293BDE459C73}.Release|x86.ActiveCfg = Release|Win32
		{BF977137-9B42-4A2A-B9E5-293BDE459C73}.Release|x86.Build.0 = Release|Win32
		{7A726BDE-8ACB-4294-BCE9-F41342CB0E60}.Debug|x64.ActiveCfg = Debug|x64
		{7A726BDE-8ACB-4294-BCE9-F41342CB0E60}.Debug|x64.Build.0 = Debug|x64
		{7A726BDE-8ACB-4294-BCE9-F41342CB0E60}.Debug|x86.ActiveCfg = Debug|Win32
		{7A726BDE-8ACB-4294-BCE9-F41342CB0E60}.Debug|x86.Build.0 = Debug|Win32
		{7A726BDE-8ACB-4294-BCE9-F41342CB0E60}.Release|x64.ActiveCfg = Release|x64
		{7A726BDE-8ACB-4294-BCE9-F41342CB0E60}.Release|x64.Build.0 = Release|x64
		{7A726BDE-8ACB-4294-BCE9-F41342CB0E60}.Release|x86.ActiveCfg = Release|Win32
		{7A726BDE-8ACB-4294-BCE9-F41342CB0E60}.Release|x86.Build.0 = Release|Win32
		{DCE01D96-4087-4DC7-B9BE-CEFD8CC9FCD5}.Debug|x64.ActiveCfg = Debug|x64
		{DCE01D96-4087-4DC7-B9BE-CEFD8CC9FCD5}.Debug|x64.Build.0 = Debug|x64
		{DCE01D96-4087-4DC7-B9BE-CEFD8CC9FCD5}.Debug|x86.ActiveCfg = Debug|Win32
		{DCE01D96-4087-4DC7-B9BE-CEFD8CC9FCD5}.Debug|x86.Build.0 = Debug|Win32
		{DCE01D96-4087-4DC7-B9BE-CEFD8CC9FCD5}.Release|x64.ActiveCfg = Release|x64
		{DCE01D96-4087-4DC7-B9BE-CEFD8CC9FCD5}.Release|x64.Build.0 = Release|x64
		{DCE01D96-4087-4DC7-B9BE-CEFD8CC9FCD5}.Release|x86.ActiveCfg = Release|Win32
		{DCE01D96-4087-4DC7-B9BE-CEFD8CC9FCD5}.Release|x86.Build.0 = Release|Win32
		{79ACCDE4-4870-4EF9-9573-54B00008610D}.Debug|x64.ActiveCfg = Debug|x64
		{79ACCDE4-4870-4EF9-9573-54B00008610D}.Debug|x64.Build.0 = Debug|x64
		{79ACCDE4-4870-4EF9-9573-54B00008610D}.Debug|x86.ActiveCfg = Debug|Win32
		{79ACCDE4-4870-4EF9-9573-54B00008610D}.Debug|x86.Build.0 = Debug|Win32
		{79ACCDE4-4870-4EF9-9573-54B00008610D}.Release|x64.ActiveCfg = Release|x64
		{79ACCDE4-4870-4EF9-9573-54B00008610D}.Release|x64.Build.0 = Release|x64
		{79ACCDE4-4870-4EF9-9573-54B00008610D}.Release|x86.ActiveCfg = Release|Win32
		{79ACCDE4-4870-4EF9-9573-54B00008610D}.Release|x86.Build.0 = Release|Win32
	EndGlobalSection
	GlobalSection(SolutionProperties) = preSolution
		HideSolutionNode = FALSE
	EndGlobalSection
	GlobalSection(NestedProjects) = preSolution
		{B2DD4622-FEAB-46C5-82B1-C303771150A5} = {37542D93-8AB0-48FF-A319-173390DD3971}
		{2A65C6BA-6438-435A-8C9A-3E1DFDE4E6AD} = {37542D93-8AB0-48FF-A319-173390DD3971}
		{A269CAFE-77CD-4140-BBFF-158FAC840C12} = {2A65C6BA-6438-435A-8C9A-3E1DFDE4E6AD}
		{C35090FB-8310-481C-9403-F8A93533FBA6} = {B2DD4622-FEAB-46C5-82B1-C303771150A5}
		{D3F326C9-71C1-4397-95B7-1C72B42E55D6} = {B2DD4622-FEAB-46C5-82B1-C303771150A5}
		{BF977137-9B42-4A2A-B9E5-293BDE459C73} = {35D564C2-75D1-4C56-BC00-49091B9A443C}
		{35D564C2-75D1-4C56-BC00-49091B9A443C} = {37542D93-8AB0-48FF-A319-173390DD3971}
		{7A726BDE-8ACB-4294-BCE9-F41342CB0E60} = {35D564C2-75D1-4C56-BC00-49091B9A443C}
		{3B36B1A1-5086-4585-AE73-3BB0A4F2B2B9} = {37542D93-8AB0-48FF-A319-173390DD3971}
		{DCE01D96-4087-4DC7-B9BE-CEFD8CC9FCD5} = {3B36B1A1-5086-4585-AE73-3BB0A4F2B2B9}
		{79ACCDE4-4870-4EF9-9573-54B00008610D} = {3B36B1A1-5086-4585-AE73-3BB0A4F2B2B9}
	EndGlobalSection
	GlobalSection(ExtensibilityGlobals) = postSolution
		SolutionGuid = {C094AB82-A8CC-41BE-A92D-B5FA4418E01E}
	EndGlobalSection
EndGlobal
