
Microsoft Visual Studio Solution File, Format Version 12.00
# Visual Studio Version 16
VisualStudioVersion = 16.0.32602.291
MinimumVisualStudioVersion = 10.0.40219.1
Project("{8BC9CEB8-8B4A-11D0-8D11-00A0C91BC942}") = "CGSpectrumChallenges", "CGSpectrumChallenges\CGSpectrumChallenges.vcxproj", "{4824B085-D720-4B9D-94FA-E04969FED6DE}"
EndProject
Global
	GlobalSection(SolutionConfigurationPlatforms) = preSolution
		Debug|x64 = Debug|x64
		Debug|x86 = Debug|x86
		Release|x64 = Release|x64
		Release|x86 = Release|x86
	EndGlobalSection
	GlobalSection(ProjectConfigurationPlatforms) = postSolution
		{4824B085-D720-4B9D-94FA-E04969FED6DE}.Debug|x64.ActiveCfg = Debug|x64
		{4824B085-D720-4B9D-94FA-E04969FED6DE}.Debug|x64.Build.0 = Debug|x64
		{4824B085-D720-4B9D-94FA-E04969FED6DE}.Debug|x86.ActiveCfg = Debug|Win32
		{4824B085-D720-4B9D-94FA-E04969FED6DE}.Debug|x86.Build.0 = Debug|Win32
		{4824B085-D720-4B9D-94FA-E04969FED6DE}.Release|x64.ActiveCfg = Release|x64
		{4824B085-D720-4B9D-94FA-E04969FED6DE}.Release|x64.Build.0 = Release|x64
		{4824B085-D720-4B9D-94FA-E04969FED6DE}.Release|x86.ActiveCfg = Release|Win32
		{4824B085-D720-4B9D-94FA-E04969FED6DE}.Release|x86.Build.0 = Release|Win32
	EndGlobalSection
	GlobalSection(SolutionProperties) = preSolution
		HideSolutionNode = FALSE
	EndGlobalSection
	GlobalSection(ExtensibilityGlobals) = postSolution
		SolutionGuid = {C094AB82-A8CC-41BE-A92D-B5FA4418E01E}
	EndGlobalSection
EndGlobal
